{
  "name": "NLA-AEP-v2.8-open-source",
  "lockfileVersion": 3,
  "requires": true,
  "packages": {
    "": {
      "devDependencies": {
        "js-yaml": "^4.1.0",
        "yaml": "^2.9.0"
      }
    },
    "node_modules/argparse": {
      "version": "2.0.1",
      "dev": true,
      "license": "Python-2.0"
    },
    "node_modules/js-yaml": {
      "version": "4.2.0",
      "dev": true,
      "funding": [
        {
          "type": "github",
          "url": "https://github.com/sponsors/puzrin"
        },
        {
          "type": "github",
          "url": "https://github.com/sponsors/nodeca"
        }
      ],
      "license": "MIT",
      "dependencies": {
        "argparse": "^2.0.1"
      },
      "bin": {
        "js-yaml": "bin/js-yaml.js"
      }
    },
    "node_modules/yaml": {
      "version": "2.9.0",
      "dev": true,
      "license": "ISC",
      "bin": {
        "yaml": "bin.mjs"
      },
      "engines": {
        "node": ">= 14.6"
      },
      "funding": {
        "url": "https://github.com/sponsors/eemeli"
      }
    }
  }
}
